
Microsoft Visual Studio Solution File, Format Version 12.00
# Visual Studio 2013
VisualStudioVersion = 12.0.21005.1
MinimumVisualStudioVersion = 10.0.40219.1
Project("{FAE04EC0-301F-11D3-BF4B-00C04F79EFBC}") = "EasyRest", "EasyRest\EasyRest.csproj", "{BE8A9DAA-AA77-49DB-BE2A-12F01F4F58C3}"
EndProject
Project("{FAE04EC0-301F-11D3-BF4B-00C04F79EFBC}") = "BLL", "BLL\BLL.csproj", "{201C4B80-4F74-4805-B10F-145EF56C409F}"
EndProject
Project("{FAE04EC0-301F-11D3-BF4B-00C04F79EFBC}") = "DAL", "DAL\DAL.csproj", "{10F1DABC-7E2B-4ED9-8D6C-82B428C55126}"
EndProject
Project("{FAE04EC0-301F-11D3-BF4B-00C04F79EFBC}") = "BIZ", "BIZ\BIZ.csproj", "{DE753AAB-1255-469C-ACB9-851EBFCF2A5A}"
EndProject
Project("{F184B08F-C81C-45F6-A57F-5ABD9991F28F}") = "Framework.Misme", "Framework.Misme\Framework.Misme.vbproj", "{7ECE3794-203F-4579-8F8C-7109042F4800}"
EndProject
Global
	GlobalSection(SolutionConfigurationPlatforms) = preSolution
		Debug|Any CPU = Debug|Any CPU
		Release|Any CPU = Release|Any CPU
	EndGlobalSection
	GlobalSection(ProjectConfigurationPlatforms) = postSolution
		{BE8A9DAA-AA77-49DB-BE2A-12F01F4F58C3}.Debug|Any CPU.ActiveCfg = Debug|Any CPU
		{BE8A9DAA-AA77-49DB-BE2A-12F01F4F58C3}.Debug|Any CPU.Build.0 = Debug|Any CPU
		{BE8A9DAA-AA77-49DB-BE2A-12F01F4F58C3}.Release|Any CPU.ActiveCfg = Release|Any CPU
		{BE8A9DAA-AA77-49DB-BE2A-12F01F4F58C3}.Release|Any CPU.Build.0 = Release|Any CPU
		{201C4B80-4F74-4805-B10F-145EF56C409F}.Debug|Any CPU.ActiveCfg = Debug|Any CPU
		{201C4B80-4F74-4805-B10F-145EF56C409F}.Debug|Any CPU.Build.0 = Debug|Any CPU
		{201C4B80-4F74-4805-B10F-145EF56C409F}.Release|Any CPU.ActiveCfg = Release|Any CPU
		{201C4B80-4F74-4805-B10F-145EF56C409F}.Release|Any CPU.Build.0 = Release|Any CPU
		{10F1DABC-7E2B-4ED9-8D6C-82B428C55126}.Debug|Any CPU.ActiveCfg = Debug|Any CPU
		{10F1DABC-7E2B-4ED9-8D6C-82B428C55126}.Debug|Any CPU.Build.0 = Debug|Any CPU
		{10F1DABC-7E2B-4ED9-8D6C-82B428C55126}.Release|Any CPU.ActiveCfg = Release|Any CPU
		{10F1DABC-7E2B-4ED9-8D6C-82B428C55126}.Release|Any CPU.Build.0 = Release|Any CPU
		{DE753AAB-1255-469C-ACB9-851EBFCF2A5A}.Debug|Any CPU.ActiveCfg = Debug|Any CPU
		{DE753AAB-1255-469C-ACB9-851EBFCF2A5A}.Debug|Any CPU.Build.0 = Debug|Any CPU
		{DE753AAB-1255-469C-ACB9-851EBFCF2A5A}.Release|Any CPU.ActiveCfg = Release|Any CPU
		{DE753AAB-1255-469C-ACB9-851EBFCF2A5A}.Release|Any CPU.Build.0 = Release|Any CPU
		{7ECE3794-203F-4579-8F8C-7109042F4800}.Debug|Any CPU.ActiveCfg = Debug|Any CPU
		{7ECE3794-203F-4579-8F8C-7109042F4800}.Debug|Any CPU.Build.0 = Debug|Any CPU
		{7ECE3794-203F-4579-8F8C-7109042F4800}.Release|Any CPU.ActiveCfg = Release|Any CPU
		{7ECE3794-203F-4579-8F8C-7109042F4800}.Release|Any CPU.Build.0 = Release|Any CPU
	EndGlobalSection
	GlobalSection(SolutionProperties) = preSolution
		HideSolutionNode = FALSE
	EndGlobalSection
EndGlobal
